{
  "name": "node-app",
  "version": "1.0.0",
  "lockfileVersion": 2,
  "requires": true,
  "packages": {
    "": {
      "version": "1.0.0",
      "license": "ISC",
      "dependencies": {
        "tiger-lib": "^1.0.0"
      }
    },
    "node_modules/tiger-lib": {
      "version": "1.0.0",
      "resolved": "https://registry.npmjs.org/tiger-lib/-/tiger-lib-1.0.0.tgz",
      "integrity": "sha512-pW3gW7Ot+RpFIQPwSLwM3dFW1pW0N9K4wwi+1nz7sSz/FoYWJo8lWU1XRnrWXg3/3QmGf5c1/oqc+K1ePo4dDQ=="
    }
  },
  "dependencies": {
    "tiger-lib": {
      "version": "1.0.0",
      "resolved": "https://registry.npmjs.org/tiger-lib/-/tiger-lib-1.0.0.tgz",
      "integrity": "sha512-pW3gW7Ot+RpFIQPwSLwM3dFW1pW0N9K4wwi+1nz7sSz/FoYWJo8lWU1XRnrWXg3/3QmGf5c1/oqc+K1ePo4dDQ=="
    }
  }
}
